# This file is automatically @generated by Poetry 2.3.4 and should not be changed by hand.

[[package]]
name = "indicatorlabel"
version = "0.9.0"
description = "A PySide6 custom widget that displays a text label with a configurable indicator."
optional = false
python-versions = "<3.15,>=3.13"
groups = ["main"]
files = [
    {file = "indicatorlabel-0.9.0-py3-none-any.whl", hash = "sha256:2b19dbc627e96ff5df5d1589749e1bf167ba69ef4a9a0f8f02c41a5a138df9a4"},
    {file = "indicatorlabel-0.9.0.tar.gz", hash = "sha256:6d0911ad77157b80160b546ca0fc56fe2f838714c977a46e86118db27f8bf57f"},
]

[package.dependencies]
pyside6 = ">=6.11.0,<7.0.0"

[[package]]
name = "lcdlabel"
version = "0.8.0"
description = "A custom PySide6 label widget that emulates the look of an LCD-display."
optional = false
python-versions = "<3.15,>=3.13"
groups = ["main"]
files = [
    {file = "lcdlabel-0.8.0-py3-none-any.whl", hash = "sha256:cd2c0d80766608e5ca2c379c10a4dea670935d641546c082185cf207dfa16d5d"},
    {file = "lcdlabel-0.8.0.tar.gz", hash = "sha256:027533cde2d32d0e44e6c370b291d24003b0a2421824b484abbf956e74109d36"},
]

[package.dependencies]
pyside6 = ">=6.11.0,<7.0.0"

[[package]]
name = "linkify-it-py"
version = "2.1.0"
description = "Links recognition library with FULL unicode support."
optional = false
python-versions = ">=3.10"
groups = ["main"]
files = [
    {file = "linkify_it_py-2.1.0-py3-none-any.whl", hash = "sha256:0d252c1594ecba2ecedc444053db5d3a9b7ec1b0dd929c8f1d74dce89f86c05e"},
    {file = "linkify_it_py-2.1.0.tar.gz", hash = "sha256:43360231720999c10e9328dc3691160e27a718e280673d444c38d7d3aaa3b98b"},
]

[package.dependencies]
uc-micro-py = "*"

[package.extras]
benchmark = ["pytest", "pytest-benchmark"]
dev = ["black", "flake8", "isort", "pre-commit", "pyproject-flake8"]
doc = ["myst-parser", "sphinx", "sphinx_book_theme"]
test = ["coverage", "pytest", "pytest-cov"]

[[package]]
name = "markdown-it-py"
version = "4.0.0"
description = "Python port of markdown-it. Markdown parsing, done right!"
optional = false
python-versions = ">=3.10"
groups = ["main"]
files = [
    {file = "markdown_it_py-4.0.0-py3-none-any.whl", hash = "sha256:87327c59b172c5011896038353a81343b6754500a08cd7a4973bb48c6d578147"},
    {file = "markdown_it_py-4.0.0.tar.gz", hash = "sha256:cb0a2b4aa34f932c007117b194e945bd74e0ec24133ceb5bac59009cda1cb9f3"},
]

[package.dependencies]
linkify-it-py = {version = ">=1,<3", optional = true, markers = "extra == \"linkify\""}
mdurl = ">=0.1,<1.0"

[package.extras]
benchmarking = ["psutil", "pytest", "pytest-benchmark"]
compare = ["commonmark (>=0.9,<1.0)", "markdown (>=3.4,<4.0)", "markdown-it-pyrs", "mistletoe (>=1.0,<2.0)", "mistune (>=3.0,<4.0)", "panflute (>=2.3,<3.0)"]
linkify = ["linkify-it-py (>=1,<3)"]
plugins = ["mdit-py-plugins (>=0.5.0)"]
profiling = ["gprof2dot"]
rtd = ["ipykernel", "jupyter_sphinx", "mdit-py-plugins (>=0.5.0)", "myst-parser", "pyyaml", "sphinx", "sphinx-book-theme (>=1.0,<2.0)", "sphinx-copybutton", "sphinx-design"]
testing = ["coverage", "pytest", "pytest-cov", "pytest-regressions", "requests"]

[[package]]
name = "mdit-py-plugins"
version = "0.5.0"
description = "Collection of plugins for markdown-it-py"
optional = false
python-versions = ">=3.10"
groups = ["main"]
files = [
    {file = "mdit_py_plugins-0.5.0-py3-none-any.whl", hash = "sha256:07a08422fc1936a5d26d146759e9155ea466e842f5ab2f7d2266dd084c8dab1f"},
    {file = "mdit_py_plugins-0.5.0.tar.gz", hash = "sha256:f4918cb50119f50446560513a8e311d574ff6aaed72606ddae6d35716fe809c6"},
]

[package.dependencies]
markdown-it-py = ">=2.0.0,<5.0.0"

[package.extras]
code-style = ["pre-commit"]
rtd = ["myst-parser", "sphinx-book-theme"]
testing = ["coverage", "pytest", "pytest-cov", "pytest-regressions"]

[[package]]
name = "mdurl"
version = "0.1.2"
description = "Markdown URL utilities"
optional = false
python-versions = ">=3.7"
groups = ["main"]
files = [
    {file = "mdurl-0.1.2-py3-none-any.whl", hash = "sha256:84008a41e51615a49fc9966191ff91509e3c40b939176e643fd50a5c2196b8f8"},
    {file = "mdurl-0.1.2.tar.gz", hash = "sha256:bb413d29f5eea38f31dd4754dd7377d4465116fb207585f97bf925588687c1ba"},
]

[[package]]
name = "platformdirs"
version = "4.9.6"
description = "A small Python package for determining appropriate platform-specific dirs, e.g. a `user data dir`."
optional = false
python-versions = ">=3.10"
groups = ["main"]
files = [
    {file = "platformdirs-4.9.6-py3-none-any.whl", hash = "sha256:e61adb1d5e5cb3441b4b7710bea7e4c12250ca49439228cc1021c00dcfac0917"},
    {file = "platformdirs-4.9.6.tar.gz", hash = "sha256:3bfa75b0ad0db84096ae777218481852c0ebc6c727b3168c1b9e0118e458cf0a"},
]

[[package]]
name = "pygments"
version = "2.20.0"
description = "Pygments is a syntax highlighting package written in Python."
optional = false
python-versions = ">=3.9"
groups = ["main"]
files = [
    {file = "pygments-2.20.0-py3-none-any.whl", hash = "sha256:81a9e26dd42fd28a23a2d169d86d7ac03b46e2f8b59ed4698fb4785f946d0176"},
    {file = "pygments-2.20.0.tar.gz", hash = "sha256:6757cd03768053ff99f3039c1a36d6c0aa0b263438fcab17520b30a303a82b5f"},
]

[package.extras]
windows-terminal = ["colorama (>=0.4.6)"]

[[package]]
name = "pyserial"
version = "3.5"
description = "Python Serial Port Extension"
optional = false
python-versions = "*"
groups = ["main"]
files = [
    {file = "pyserial-3.5-py2.py3-none-any.whl", hash = "sha256:c4451db6ba391ca6ca299fb3ec7bae67a5c55dde170964c7a14ceefec02f2cf0"},
    {file = "pyserial-3.5.tar.gz", hash = "sha256:3c77e014170dfffbd816e6ffc205e9842efb10be9f58ec16d3e8675b4925cddb"},
]

[package.extras]
cp2110 = ["hidapi"]

[[package]]
name = "pyside6"
version = "6.11.0"
description = "Python bindings for the Qt cross-platform application and UI framework"
optional = false
python-versions = "<3.15,>=3.10"
groups = ["main"]
files = [
    {file = "pyside6-6.11.0-cp310-abi3-macosx_13_0_universal2.whl", hash = "sha256:1f2735dc4f2bd4ec452ae50502c8a22128bba0aced35358a2bbc58384b820c6f"},
    {file = "pyside6-6.11.0-cp310-abi3-manylinux_2_34_x86_64.whl", hash = "sha256:c642e2d25704ca746fd37f56feacf25c5aecc4cd40bef23d18eec81f87d9dc00"},
    {file = "pyside6-6.11.0-cp310-abi3-manylinux_2_39_aarch64.whl", hash = "sha256:267b344c73580ac938ca63c611881fb42a3922ebfe043e271005f4f06c372c4e"},
    {file = "pyside6-6.11.0-cp310-abi3-win_amd64.whl", hash = "sha256:9092cb002ca43c64006afb2e0d0f6f51aef17aa737c33a45e502326a081ddcbc"},
    {file = "pyside6-6.11.0-cp310-abi3-win_arm64.whl", hash = "sha256:b15f39acc2b8f46251a630acad0d97f9a0a0461f2baffcd66d7adfada8eb641e"},
]

[package.dependencies]
PySide6_Addons = "6.11.0"
PySide6_Essentials = "6.11.0"
shiboken6 = "6.11.0"

[[package]]
name = "pyside6-addons"
version = "6.11.0"
description = "Python bindings for the Qt cross-platform application and UI framework (Addons)"
optional = false
python-versions = "<3.15,>=3.10"
groups = ["main"]
files = [
    {file = "pyside6_addons-6.11.0-cp310-abi3-macosx_13_0_universal2.whl", hash = "sha256:d5eaa4643302e3a0fa94c5766234bee4073d7d5ab9c2b7fd222692a176faf182"},
    {file = "pyside6_addons-6.11.0-cp310-abi3-manylinux_2_34_x86_64.whl", hash = "sha256:ac6fe3d4ef4497dde3efc5e896b0acd53ff6c93be4bf485f045690f919419f35"},
    {file = "pyside6_addons-6.11.0-cp310-abi3-manylinux_2_39_aarch64.whl", hash = "sha256:8ffb40222456078930816ebcac2f2511716d2acbc11716dd5acc5c365179a753"},
    {file = "pyside6_addons-6.11.0-cp310-abi3-win_amd64.whl", hash = "sha256:413e6121c24f5ffdce376298059eddecff74aa6d638e94e0f6015b33d29b889e"},
    {file = "pyside6_addons-6.11.0-cp310-abi3-win_arm64.whl", hash = "sha256:aaaee83385977a0fe134b2f4fbfb92b45a880d5b656e4d90a708eef10b1b6de8"},
]

[package.dependencies]
PySide6_Essentials = "6.11.0"
shiboken6 = "6.11.0"

[[package]]
name = "pyside6-essentials"
version = "6.11.0"
description = "Python bindings for the Qt cross-platform application and UI framework (Essentials)"
optional = false
python-versions = "<3.15,>=3.10"
groups = ["main"]
files = [
    {file = "pyside6_essentials-6.11.0-cp310-abi3-macosx_13_0_universal2.whl", hash = "sha256:85d6ca87ef35fa6565d385ede72ae48420dd3f63113929d10fc800f6b0360e01"},
    {file = "pyside6_essentials-6.11.0-cp310-abi3-manylinux_2_34_x86_64.whl", hash = "sha256:dc20e7afd5fc6fe51297db91cef997ce60844be578f7a49fc61b7ab9657a8849"},
    {file = "pyside6_essentials-6.11.0-cp310-abi3-manylinux_2_39_aarch64.whl", hash = "sha256:4854cb0a1b061e7a576d8fb7bb7cf9f49540d558b1acb7df0742a7afefe61e4e"},
    {file = "pyside6_essentials-6.11.0-cp310-abi3-win_amd64.whl", hash = "sha256:3b3362882ad9389357a80504e600180006a957731fec05786fced7b038461fdf"},
    {file = "pyside6_essentials-6.11.0-cp310-abi3-win_arm64.whl", hash = "sha256:81ca603dbf21bc39f89bb42db215c25ebe0c879a1a4c387625c321d2730ec187"},
]

[package.dependencies]
shiboken6 = "6.11.0"

[[package]]
name = "rich"
version = "15.0.0"
description = "Render rich text, tables, progress bars, syntax highlighting, markdown and more to the terminal"
optional = false
python-versions = ">=3.9.0"
groups = ["main"]
files = [
    {file = "rich-15.0.0-py3-none-any.whl", hash = "sha256:33bd4ef74232fb73fe9279a257718407f169c09b78a87ad3d296f548e27de0bb"},
    {file = "rich-15.0.0.tar.gz", hash = "sha256:edd07a4824c6b40189fb7ac9bc4c52536e9780fbbfbddf6f1e2502c31b068c36"},
]

[package.dependencies]
markdown-it-py = ">=2.2.0"
pygments = ">=2.13.0,<3.0.0"

[package.extras]
jupyter = ["ipywidgets (>=7.5.1,<9)"]

[[package]]
name = "shiboken6"
version = "6.11.0"
description = "Python/C++ bindings helper module"
optional = false
python-versions = "<3.15,>=3.10"
groups = ["main"]
files = [
    {file = "shiboken6-6.11.0-cp310-abi3-macosx_13_0_universal2.whl", hash = "sha256:d88e8a1eb705f2b9ad21db08a61ae1dc0c773e5cd86a069de0754c4cf1f9b43b"},
    {file = "shiboken6-6.11.0-cp310-abi3-manylinux_2_34_x86_64.whl", hash = "sha256:ad54e64f8192ddbdff0c54ac82b89edcd62ed623f502ea21c960541d19514053"},
    {file = "shiboken6-6.11.0-cp310-abi3-manylinux_2_39_aarch64.whl", hash = "sha256:a10dc7718104ea2dc15d5b0b96909b77162ce1c76fcc6968e6df692b947a00e9"},
    {file = "shiboken6-6.11.0-cp310-abi3-win_amd64.whl", hash = "sha256:483ff78a73c7b3189ca924abc694318084f078bcfeaffa68e32024ff2d025ee1"},
    {file = "shiboken6-6.11.0-cp310-abi3-win_arm64.whl", hash = "sha256:3bd76cf56105ab2d62ecaff630366f11264f69b88d488f10f048da9a065781f4"},
]

[[package]]
name = "textual"
version = "8.2.4"
description = "Modern Text User Interface framework"
optional = false
python-versions = "<4.0,>=3.9"
groups = ["main"]
files = [
    {file = "textual-8.2.4-py3-none-any.whl", hash = "sha256:a83bd3f0cc7125ca203845af753f9d6b6be030025ecd1b05cc75ebe645b9c4ba"},
    {file = "textual-8.2.4.tar.gz", hash = "sha256:d4e2b2ddd7157191d00b228592b7c739ea080b7d792fd410f23ca75f05ea76c4"},
]

[package.dependencies]
markdown-it-py = {version = ">=2.1.0", extras = ["linkify"]}
mdit-py-plugins = "*"
platformdirs = ">=3.6.0,<5"
pygments = ">=2.19.2,<3.0.0"
rich = ">=14.2.0"
typing-extensions = ">=4.4.0,<5.0.0"

[package.extras]
syntax = ["tree-sitter (>=0.25.0) ; python_version >= \"3.10\"", "tree-sitter-bash (>=0.23.0) ; python_version >= \"3.10\"", "tree-sitter-css (>=0.23.0) ; python_version >= \"3.10\"", "tree-sitter-go (>=0.23.0) ; python_version >= \"3.10\"", "tree-sitter-html (>=0.23.0) ; python_version >= \"3.10\"", "tree-sitter-java (>=0.23.0) ; python_version >= \"3.10\"", "tree-sitter-javascript (>=0.23.0) ; python_version >= \"3.10\"", "tree-sitter-json (>=0.24.0) ; python_version >= \"3.10\"", "tree-sitter-markdown (>=0.3.0) ; python_version >= \"3.10\"", "tree-sitter-python (>=0.23.0) ; python_version >= \"3.10\"", "tree-sitter-regex (>=0.24.0) ; python_version >= \"3.10\"", "tree-sitter-rust (>=0.23.0) ; python_version >= \"3.10\"", "tree-sitter-sql (>=0.3.11) ; python_version >= \"3.10\"", "tree-sitter-toml (>=0.6.0) ; python_version >= \"3.10\"", "tree-sitter-xml (>=0.7.0) ; python_version >= \"3.10\"", "tree-sitter-yaml (>=0.6.0) ; python_version >= \"3.10\""]

[[package]]
name = "typing-extensions"
version = "4.15.0"
description = "Backported and Experimental Type Hints for Python 3.9+"
optional = false
python-versions = ">=3.9"
groups = ["main"]
files = [
    {file = "typing_extensions-4.15.0-py3-none-any.whl", hash = "sha256:f0fa19c6845758ab08074a0cfa8b7aecb71c999ca73d62883bc25cc018c4e548"},
    {file = "typing_extensions-4.15.0.tar.gz", hash = "sha256:0cea48d173cc12fa28ecabc3b837ea3cf6f38c6d1136f85cbaaf598984861466"},
]

[[package]]
name = "uc-micro-py"
version = "2.0.0"
description = "Micro subset of unicode data files for linkify-it-py projects."
optional = false
python-versions = ">=3.10"
groups = ["main"]
files = [
    {file = "uc_micro_py-2.0.0-py3-none-any.whl", hash = "sha256:3603a3859af53e5a39bc7677713c78ea6589ff188d70f4fee165db88e22b242c"},
    {file = "uc_micro_py-2.0.0.tar.gz", hash = "sha256:c53691e495c8db60e16ffc4861a35469b0ba0821fe409a8a7a0a71864d33a811"},
]

[package.extras]
test = ["coverage", "pytest", "pytest-cov"]

[[package]]
name = "xdg-base-dirs"
version = "6.0.2"
description = "Variables defined by the XDG Base Directory Specification"
optional = false
python-versions = "<4.0,>=3.10"
groups = ["main"]
files = [
    {file = "xdg_base_dirs-6.0.2-py3-none-any.whl", hash = "sha256:3c01d1b758ed4ace150ac960ac0bd13ce4542b9e2cdf01312dcda5012cfebabe"},
    {file = "xdg_base_dirs-6.0.2.tar.gz", hash = "sha256:950504e14d27cf3c9cb37744680a43bf0ac42efefc4ef4acf98dc736cab2bced"},
]

[metadata]
lock-version = "2.1"
python-versions = ">=3.13,<3.15"
content-hash = "01965b723660cee7dad0dd3f80c2d5ae188983cf9e4ec17c917faef2820fbf51"
